
Microsoft Visual Studio Solution File, Format Version 12.00
# Visual Studio 14
VisualStudioVersion = 14.0.25123.0
MinimumVisualStudioVersion = 10.0.40219.1
Project("{8BC9CEB8-8B4A-11D0-8D11-00A0C91BC942}") = "sostav", "sostav.vcxproj", "{43406618-FA0A-4893-BE32-A689E760F4C2}"
	ProjectSection(ProjectDependencies) = postProject
		{C118ACA9-74E7-4433-8433-452B33A77716} = {C118ACA9-74E7-4433-8433-452B33A77716}
	EndProjectSection
EndProject
Project("{8BC9CEB8-8B4A-11D0-8D11-00A0C91BC942}") = "sostav-test", "..\sostav-test\sostav-test.vcxproj", "{A8BDBDD0-732E-4A81-87C8-80BAB8F87449}"
	ProjectSection(ProjectDependencies) = postProject
		{43406618-FA0A-4893-BE32-A689E760F4C2} = {43406618-FA0A-4893-BE32-A689E760F4C2}
	EndProjectSection
EndProject
Project("{8BC9CEB8-8B4A-11D0-8D11-00A0C91BC942}") = "libmikmod", "..\..\deps\libmikmod\win32\VS2015\libmikmod.vcxproj", "{C118ACA9-74E7-4433-8433-452B33A77716}"
EndProject
Global
	GlobalSection(SolutionConfigurationPlatforms) = preSolution
		Debug|x64 = Debug|x64
		Debug|x86 = Debug|x86
		Release|x64 = Release|x64
		Release|x86 = Release|x86
	EndGlobalSection
	GlobalSection(ProjectConfigurationPlatforms) = postSolution
		{43406618-FA0A-4893-BE32-A689E760F4C2}.Debug|x64.ActiveCfg = Debug|x64
		{43406618-FA0A-4893-BE32-A689E760F4C2}.Debug|x64.Build.0 = Debug|x64
		{43406618-FA0A-4893-BE32-A689E760F4C2}.Debug|x86.ActiveCfg = Debug|Win32
		{43406618-FA0A-4893-BE32-A689E760F4C2}.Debug|x86.Build.0 = Debug|Win32
		{43406618-FA0A-4893-BE32-A689E760F4C2}.Release|x64.ActiveCfg = Release|x64
		{43406618-FA0A-4893-BE32-A689E760F4C2}.Release|x64.Build.0 = Release|x64
		{43406618-FA0A-4893-BE32-A689E760F4C2}.Release|x86.ActiveCfg = Release|Win32
		{43406618-FA0A-4893-BE32-A689E760F4C2}.Release|x86.Build.0 = Release|Win32
		{A8BDBDD0-732E-4A81-87C8-80BAB8F87449}.Debug|x64.ActiveCfg = Debug|x64
		{A8BDBDD0-732E-4A81-87C8-80BAB8F87449}.Debug|x64.Build.0 = Debug|x64
		{A8BDBDD0-732E-4A81-87C8-80BAB8F87449}.Debug|x86.ActiveCfg = Debug|Win32
		{A8BDBDD0-732E-4A81-87C8-80BAB8F87449}.Debug|x86.Build.0 = Debug|Win32
		{A8BDBDD0-732E-4A81-87C8-80BAB8F87449}.Release|x64.ActiveCfg = Release|x64
		{A8BDBDD0-732E-4A81-87C8-80BAB8F87449}.Release|x64.Build.0 = Release|x64
		{A8BDBDD0-732E-4A81-87C8-80BAB8F87449}.Release|x86.ActiveCfg = Release|Win32
		{A8BDBDD0-732E-4A81-87C8-80BAB8F87449}.Release|x86.Build.0 = Release|Win32
		{C118ACA9-74E7-4433-8433-452B33A77716}.Debug|x64.ActiveCfg = Debug|x64
		{C118ACA9-74E7-4433-8433-452B33A77716}.Debug|x64.Build.0 = Debug|x64
		{C118ACA9-74E7-4433-8433-452B33A77716}.Debug|x86.ActiveCfg = Debug|Win32
		{C118ACA9-74E7-4433-8433-452B33A77716}.Debug|x86.Build.0 = Debug|Win32
		{C118ACA9-74E7-4433-8433-452B33A77716}.Release|x64.ActiveCfg = Release|x64
		{C118ACA9-74E7-4433-8433-452B33A77716}.Release|x64.Build.0 = Release|x64
		{C118ACA9-74E7-4433-8433-452B33A77716}.Release|x86.ActiveCfg = Release|Win32
		{C118ACA9-74E7-4433-8433-452B33A77716}.Release|x86.Build.0 = Release|Win32
	EndGlobalSection
	GlobalSection(SolutionProperties) = preSolution
		HideSolutionNode = FALSE
	EndGlobalSection
EndGlobal
