<?xml version="1.0" encoding="utf-8"?>
<Project ToolsVersion="4.0" xmlns="http://schemas.microsoft.com/developer/msbuild/2003">
  <ItemGroup>
    <Filter Include="Source Files">
      <UniqueIdentifier>{4FC737F1-C7A5-4376-A066-2A32D752A2FF}</UniqueIdentifier>
      <Extensions>cpp;c;cc;cxx;def;odl;idl;hpj;bat;asm;asmx</Extensions>
    </Filter>
    <Filter Include="Header Files">
      <UniqueIdentifier>{93995380-89BD-4b04-88EB-625FBE52EBFB}</UniqueIdentifier>
      <Extensions>h;hh;hpp;hxx;hm;inl;inc;xsd</Extensions>
    </Filter>
    <Filter Include="Resource Files">
      <UniqueIdentifier>{67DA6AB6-F800-4c08-8B7A-83BB121AAD01}</UniqueIdentifier>
      <Extensions>rc;ico;cur;bmp;dlg;rc2;rct;bin;rgs;gif;jpg;jpeg;jpe;resx;tiff;tif;png;wav;mfcribbon-ms</Extensions>
    </Filter>
    <Filter Include="Header Files\drawing">
      <UniqueIdentifier>{1d19178e-c5ec-4c2b-9798-2cc69673ef2e}</UniqueIdentifier>
    </Filter>
    <Filter Include="Header Files\math">
      <UniqueIdentifier>{ff69595a-7815-4b42-aa85-392a4baaf306}</UniqueIdentifier>
    </Filter>
    <Filter Include="Header Files\windows">
      <UniqueIdentifier>{2264cb62-d752-4a29-afeb-021824bd9e36}</UniqueIdentifier>
    </Filter>
    <Filter Include="Source Files\drawing">
      <UniqueIdentifier>{917674c2-0934-420d-a09a-a7fa66792867}</UniqueIdentifier>
    </Filter>
    <Filter Include="Source Files\math">
      <UniqueIdentifier>{2efd07df-5cc6-4470-98d9-7646b6048247}</UniqueIdentifier>
    </Filter>
    <Filter Include="Source Files\windows">
      <UniqueIdentifier>{1b9bf1cd-b567-4d4e-aade-b81b05f3dc42}</UniqueIdentifier>
    </Filter>
    <Filter Include="Header Files\win32">
      <UniqueIdentifier>{1c8e3c65-a925-4fe4-b273-352b9863257a}</UniqueIdentifier>
    </Filter>
    <Filter Include="Header Files\controls">
      <UniqueIdentifier>{d26ce26a-1d11-458a-8828-3fdb27ea0d62}</UniqueIdentifier>
    </Filter>
    <Filter Include="Source Files\controls">
      <UniqueIdentifier>{2075d117-b18f-4ae3-b0eb-de52d9d9d885}</UniqueIdentifier>
    </Filter>
    <Filter Include="Source Files\win32">
      <UniqueIdentifier>{3c07e6f5-f593-45e5-99bb-21f72d629587}</UniqueIdentifier>
    </Filter>
  </ItemGroup>
  <ItemGroup>
    <Text Include="ReadMe.txt" />
  </ItemGroup>
  <ItemGroup>
    <ClInclude Include="..\..\src\include\sostav\drawing.hpp">
      <Filter>Header Files</Filter>
    </ClInclude>
    <ClInclude Include="..\..\src\include\sostav\exception.hpp">
      <Filter>Header Files</Filter>
    </ClInclude>
    <ClInclude Include="..\..\src\include\sostav\math.hpp">
      <Filter>Header Files</Filter>
    </ClInclude>
    <ClInclude Include="..\..\src\include\sostav\sostav.hpp">
      <Filter>Header Files</Filter>
    </ClInclude>
    <ClInclude Include="..\..\src\include\sostav\windows.hpp">
      <Filter>Header Files</Filter>
    </ClInclude>
    <ClInclude Include="..\..\src\include\sostav\drawing\color.hpp">
      <Filter>Header Files\drawing</Filter>
    </ClInclude>
    <ClInclude Include="..\..\src\include\sostav\drawing\font.hpp">
      <Filter>Header Files\drawing</Filter>
    </ClInclude>
    <ClInclude Include="..\..\src\include\sostav\drawing\gradient.hpp">
      <Filter>Header Files\drawing</Filter>
    </ClInclude>
    <ClInclude Include="..\..\src\include\sostav\drawing\point.hpp">
      <Filter>Header Files\drawing</Filter>
    </ClInclude>
    <ClInclude Include="..\..\src\include\sostav\math\line.hpp">
      <Filter>Header Files\math</Filter>
    </ClInclude>
    <ClInclude Include="..\..\src\include\sostav\windows\subclassedwindow.hpp">
      <Filter>Header Files\windows</Filter>
    </ClInclude>
    <ClInclude Include="..\..\src\include\sostav\windows\window.hpp">
      <Filter>Header Files\windows</Filter>
    </ClInclude>
    <ClInclude Include="..\..\src\include\sostav\windows\layeredwindow.hpp">
      <Filter>Header Files\windows</Filter>
    </ClInclude>
    <ClInclude Include="..\..\src\include\sostav\windows\imagewindow.hpp">
      <Filter>Header Files\windows</Filter>
    </ClInclude>
    <ClInclude Include="..\..\src\include\sostav\math\point.hpp">
      <Filter>Header Files\math</Filter>
    </ClInclude>
    <ClInclude Include="..\..\src\include\sostav\math\angle.hpp">
      <Filter>Header Files\math</Filter>
    </ClInclude>
    <ClInclude Include="..\..\src\include\sostav\win32\button.hpp">
      <Filter>Header Files\win32</Filter>
    </ClInclude>
    <ClInclude Include="..\..\src\include\sostav\win32\combobox.hpp">
      <Filter>Header Files\win32</Filter>
    </ClInclude>
    <ClInclude Include="..\..\src\include\sostav\win32\edit.hpp">
      <Filter>Header Files\win32</Filter>
    </ClInclude>
    <ClInclude Include="..\..\src\include\sostav\win32\static.hpp">
      <Filter>Header Files\win32</Filter>
    </ClInclude>
    <ClInclude Include="..\..\src\include\sostav\controls\static.hpp">
      <Filter>Header Files\controls</Filter>
    </ClInclude>
    <ClInclude Include="..\..\src\include\sostav\controls.hpp">
      <Filter>Header Files</Filter>
    </ClInclude>
    <ClInclude Include="..\..\src\include\sostav\win32.hpp">
      <Filter>Header Files</Filter>
    </ClInclude>
    <ClInclude Include="..\..\src\include\sostav\windows\paintedwindow.hpp">
      <Filter>Header Files\windows</Filter>
    </ClInclude>
    <ClInclude Include="..\..\src\include\sostav\drawing\image.hpp">
      <Filter>Header Files\drawing</Filter>
    </ClInclude>
    <ClInclude Include="..\..\src\include\sostav\win32\syslink.hpp">
      <Filter>Header Files\win32</Filter>
    </ClInclude>
  </ItemGroup>
  <ItemGroup>
    <ClCompile Include="..\..\src\lib\exception.cpp">
      <Filter>Source Files</Filter>
    </ClCompile>
    <ClCompile Include="..\..\src\lib\drawing\color.cpp">
      <Filter>Source Files\drawing</Filter>
    </ClCompile>
    <ClCompile Include="..\..\src\lib\drawing\font.cpp">
      <Filter>Source Files\drawing</Filter>
    </ClCompile>
    <ClCompile Include="..\..\src\lib\drawing\gradient.cpp">
      <Filter>Source Files\drawing</Filter>
    </ClCompile>
    <ClCompile Include="..\..\src\lib\math\line.cpp">
      <Filter>Source Files\math</Filter>
    </ClCompile>
    <ClCompile Include="..\..\src\lib\windows\subclassedwindow.cpp">
      <Filter>Source Files\windows</Filter>
    </ClCompile>
    <ClCompile Include="..\..\src\lib\windows\window.cpp">
      <Filter>Source Files\windows</Filter>
    </ClCompile>
    <ClCompile Include="..\..\src\lib\windows\layeredwindow.cpp">
      <Filter>Source Files\windows</Filter>
    </ClCompile>
    <ClCompile Include="..\..\src\lib\windows\imagewindow.cpp">
      <Filter>Source Files\windows</Filter>
    </ClCompile>
    <ClCompile Include="..\..\src\lib\math\mathpoint.cpp">
      <Filter>Source Files\math</Filter>
    </ClCompile>
    <ClCompile Include="..\..\src\lib\math\angle.cpp">
      <Filter>Source Files\math</Filter>
    </ClCompile>
    <ClCompile Include="..\..\src\lib\drawing\drawingpoint.cpp">
      <Filter>Source Files\drawing</Filter>
    </ClCompile>
    <ClCompile Include="..\..\src\lib\win32\win32static.cpp">
      <Filter>Source Files\win32</Filter>
    </ClCompile>
    <ClCompile Include="..\..\src\lib\controls\sostavstatic.cpp">
      <Filter>Source Files\controls</Filter>
    </ClCompile>
    <ClCompile Include="..\..\src\lib\windows\paintedwindow.cpp">
      <Filter>Source Files\windows</Filter>
    </ClCompile>
    <ClCompile Include="..\..\src\lib\win32\win32edit.cpp">
      <Filter>Source Files\win32</Filter>
    </ClCompile>
    <ClCompile Include="..\..\src\lib\drawing\image.cpp">
      <Filter>Source Files\drawing</Filter>
    </ClCompile>
    <ClCompile Include="..\..\src\lib\win32\win32button.cpp">
      <Filter>Source Files\win32</Filter>
    </ClCompile>
    <ClCompile Include="..\..\src\lib\win32\win32syslink.cpp">
      <Filter>Source Files\win32</Filter>
    </ClCompile>
  </ItemGroup>
</Project>